// !$*UTF8*$!
{
	archiveVersion = 1;
	classes = {
	};
	objectVersion = 77;
	objects = {

/* Begin PBXBuildFile section */
		FE6ADB512D8DE198009DE63E /* XCTest.framework in Frameworks */ = {isa = PBXBuildFile; fileRef = FE6ADB502D8DE197009DE63E /* XCTest.framework */; platformFilter = ios; };
/* End PBXBuildFile section */

/* Begin PBXContainerItemProxy section */
		FE6ADB3B2D8DD82D009DE63E /* PBXContainerItemProxy */ = {
			isa = PBXContainerItemProxy;
			containerPortal = FE9701B42D418E4E000678A5 /* Project object */;
			proxyType = 1;
			remoteGlobalIDString = FE9701BB2D418E4E000678A5;
			remoteInfo = conch;
		};
		FE6ADB4A2D8DD83E009DE63E /* PBXContainerItemProxy */ = {
			isa = PBXContainerItemProxy;
			containerPortal = FE9701B42D418E4E000678A5 /* Project object */;
			proxyType = 1;
			remoteGlobalIDString = FE9701BB2D418E4E000678A5;
			remoteInfo = conch;
		};
/* End PBXContainerItemProxy section */

/* Begin PBXFileReference section */
		FE6ADB372D8DD82D009DE63E /* conchTests.xctest */ = {isa = PBXFileReference; explicitFileType = wrapper.cfbundle; includeInIndex = 0; path = conchTests.xctest; sourceTree = BUILT_PRODUCTS_DIR; };
		FE6ADB442D8DD83E009DE63E /* conchUITests.xctest */ = {isa = PBXFileReference; explicitFileType = wrapper.cfbundle; includeInIndex = 0; path = conchUITests.xctest; sourceTree = BUILT_PRODUCTS_DIR; };
		FE6ADB502D8DE197009DE63E /* XCTest.framework */ = {isa = PBXFileReference; lastKnownFileType = wrapper.framework; name = XCTest.framework; path = Platforms/iPhoneOS.platform/Developer/Library/Frameworks/XCTest.framework; sourceTree = DEVELOPER_DIR; };
		FE9701BC2D418E4E000678A5 /* conch.app */ = {isa = PBXFileReference; explicitFileType = wrapper.application; includeInIndex = 0; path = conch.app; sourceTree = BUILT_PRODUCTS_DIR; };
/* End PBXFileReference section */

/* Begin PBXFileSystemSynchronizedBuildFileExceptionSet section */
		FE9701D82D41908E000678A5 /* Exceptions for "conch" folder in "conch" target */ = {
			isa = PBXFileSystemSynchronizedBuildFileExceptionSet;
			membershipExceptions = (
				Info.plist,
			);
			target = FE9701BB2D418E4E000678A5 /* conch */;
		};
/* End PBXFileSystemSynchronizedBuildFileExceptionSet section */

/* Begin PBXFileSystemSynchronizedRootGroup section */
		FE6ADB382D8DD82D009DE63E /* conchTests */ = {
			isa = PBXFileSystemSynchronizedRootGroup;
			path = conchTests;
			sourceTree = "<group>";
		};
		FE6ADB452D8DD83E009DE63E /* conchUITests */ = {
			isa = PBXFileSystemSynchronizedRootGroup;
			path = conchUITests;
			sourceTree = "<group>";
		};
		FE9701BE2D418E4E000678A5 /* conch */ = {
			isa = PBXFileSystemSynchronizedRootGroup;
			exceptions = (
				FE9701D82D41908E000678A5 /* Exceptions for "conch" folder in "conch" target */,
			);
			path = conch;
			sourceTree = "<group>";
		};
/* End PBXFileSystemSynchronizedRootGroup section */

/* Begin PBXFrameworksBuildPhase section */
		FE6ADB342D8DD82D009DE63E /* Frameworks */ = {
			isa = PBXFrameworksBuildPhase;
			buildActionMask = 2147483647;
			files = (
			);
			runOnlyForDeploymentPostprocessing = 0;
		};
		FE6ADB412D8DD83E009DE63E /* Frameworks */ = {
			isa = PBXFrameworksBuildPhase;
			buildActionMask = 2147483647;
			files = (
				FE6ADB512D8DE198009DE63E /* XCTest.framework in Frameworks */,
			);
			runOnlyForDeploymentPostprocessing = 0;
		};
		FE9701B92D418E4E000678A5 /* Frameworks */ = {
			isa = PBXFrameworksBuildPhase;
			buildActionMask = 2147483647;
			files = (
			);
			runOnlyForDeploymentPostprocessing = 0;
		};
/* End PBXFrameworksBuildPhase section */

/* Begin PBXGroup section */
		FE6ADB4F2D8DE197009DE63E /* Frameworks */ = {
			isa = PBXGroup;
			children = (
				FE6ADB502D8DE197009DE63E /* XCTest.framework */,
			);
			name = Frameworks;
			sourceTree = "<group>";
		};
		FE9701B32D418E4E000678A5 = {
			isa = PBXGroup;
			children = (
				FE9701BE2D418E4E000678A5 /* conch */,
				FE6ADB382D8DD82D009DE63E /* conchTests */,
				FE6ADB452D8DD83E009DE63E /* conchUITests */,
				FE6ADB4F2D8DE197009DE63E /* Frameworks */,
				FE9701BD2D418E4E000678A5 /* Products */,
			);
			sourceTree = "<group>";
		};
		FE9701BD2D418E4E000678A5 /* Products */ = {
			isa = PBXGroup;
			children = (
				FE9701BC2D418E4E000678A5 /* conch.app */,
				FE6ADB372D8DD82D009DE63E /* conchTests.xctest */,
				FE6ADB442D8DD83E009DE63E /* conchUITests.xctest */,
			);
			name = Products;
			sourceTree = "<group>";
		};
/* End PBXGroup section */

/* Begin PBXNativeTarget section */
		FE6ADB362D8DD82D009DE63E /* conchTests */ = {
			isa = PBXNativeTarget;
			buildConfigurationList = FE6ADB3D2D8DD82D009DE63E /* Build configuration list for PBXNativeTarget "conchTests" */;
			buildPhases = (
				FE6ADB332D8DD82D009DE63E /* Sources */,
				FE6ADB342D8DD82D009DE63E /* Frameworks */,
				FE6ADB352D8DD82D009DE63E /* Resources */,
			);
			buildRules = (
			);
			dependencies = (
				FE6ADB3C2D8DD82D009DE63E /* PBXTargetDependency */,
			);
			fileSystemSynchronizedGroups = (
				FE6ADB382D8DD82D009DE63E /* conchTests */,
			);
			name = conchTests;
			packageProductDependencies = (
			);
			productName = conchTests;
			productReference = FE6ADB372D8DD82D009DE63E /* conchTests.xctest */;
			productType = "com.apple.product-type.bundle.unit-test";
		};
		FE6ADB432D8DD83E009DE63E /* conchUITests */ = {
			isa = PBXNativeTarget;
			buildConfigurationList = FE6ADB4C2D8DD83E009DE63E /* Build configuration list for PBXNativeTarget "conchUITests" */;
			buildPhases = (
				FE6ADB402D8DD83E009DE63E /* Sources */,
				FE6ADB412D8DD83E009DE63E /* Frameworks */,
				FE6ADB422D8DD83E009DE63E /* Resources */,
			);
			buildRules = (
			);
			dependencies = (
				FE6ADB4B2D8DD83E009DE63E /* PBXTargetDependency */,
			);
			fileSystemSynchronizedGroups = (
				FE6ADB452D8DD83E009DE63E /* conchUITests */,
			);
			name = conchUITests;
			packageProductDependencies = (
			);
			productName = conchUITests;
			productReference = FE6ADB442D8DD83E009DE63E /* conchUITests.xctest */;
			productType = "com.apple.product-type.bundle.ui-testing";
		};
		FE9701BB2D418E4E000678A5 /* conch */ = {
			isa = PBXNativeTarget;
			buildConfigurationList = FE9701CA2D418E4F000678A5 /* Build configuration list for PBXNativeTarget "conch" */;
			buildPhases = (
				FE7735F82D830F210063EA43 /* SwiftLint */,
				FE9701B82D418E4E000678A5 /* Sources */,
				FE9701B92D418E4E000678A5 /* Frameworks */,
				FE9701BA2D418E4E000678A5 /* Resources */,
			);
			buildRules = (
			);
			dependencies = (
			);
			fileSystemSynchronizedGroups = (
				FE9701BE2D418E4E000678A5 /* conch */,
			);
			name = conch;
			packageProductDependencies = (
			);
			productName = conch;
			productReference = FE9701BC2D418E4E000678A5 /* conch.app */;
			productType = "com.apple.product-type.application";
		};
/* End PBXNativeTarget section */

/* Begin PBXProject section */
		FE9701B42D418E4E000678A5 /* Project object */ = {
			isa = PBXProject;
			attributes = {
				BuildIndependentTargetsInParallel = 1;
				LastSwiftUpdateCheck = 1620;
				LastUpgradeCheck = 1620;
				TargetAttributes = {
					FE6ADB362D8DD82D009DE63E = {
						CreatedOnToolsVersion = 16.2;
						TestTargetID = FE9701BB2D418E4E000678A5;
					};
					FE6ADB432D8DD83E009DE63E = {
						CreatedOnToolsVersion = 16.2;
						TestTargetID = FE9701BB2D418E4E000678A5;
					};
					FE9701BB2D418E4E000678A5 = {
						CreatedOnToolsVersion = 16.2;
					};
				};
			};
			buildConfigurationList = FE9701B72D418E4E000678A5 /* Build configuration list for PBXProject "conch" */;
			developmentRegion = en;
			hasScannedForEncodings = 0;
			knownRegions = (
				en,
				Base,
			);
			mainGroup = FE9701B32D418E4E000678A5;
			minimizedProjectReferenceProxies = 1;
			preferredProjectObjectVersion = 77;
			productRefGroup = FE9701BD2D418E4E000678A5 /* Products */;
			projectDirPath = "";
			projectRoot = "";
			targets = (
				FE9701BB2D418E4E000678A5 /* conch */,
				FE6ADB362D8DD82D009DE63E /* conchTests */,
				FE6ADB432D8DD83E009DE63E /* conchUITests */,
			);
		};
/* End PBXProject section */

/* Begin PBXResourcesBuildPhase section */
		FE6ADB352D8DD82D009DE63E /* Resources */ = {
			isa = PBXResourcesBuildPhase;
			buildActionMask = 2147483647;
			files = (
			);
			runOnlyForDeploymentPostprocessing = 0;
		};
		FE6ADB422D8DD83E009DE63E /* Resources */ = {
			isa = PBXResourcesBuildPhase;
			buildActionMask = 2147483647;
			files = (
			);
			runOnlyForDeploymentPostprocessing = 0;
		};
		FE9701BA2D418E4E000678A5 /* Resources */ = {
			isa = PBXResourcesBuildPhase;
			buildActionMask = 2147483647;
			files = (
			);
			runOnlyForDeploymentPostprocessing = 0;
		};
/* End PBXResourcesBuildPhase section */

/* Begin PBXShellScriptBuildPhase section */
		FE7735F82D830F210063EA43 /* SwiftLint */ = {
			isa = PBXShellScriptBuildPhase;
			buildActionMask = 2147483647;
			files = (
			);
			inputFileListPaths = (
			);
			inputPaths = (
			);
			name = SwiftLint;
			outputFileListPaths = (
			);
			outputPaths = (
			);
			runOnlyForDeploymentPostprocessing = 0;
			shellPath = /bin/sh;
			shellScript = "\nif which swiftlint > /dev/null; then\n    swiftlint\nelse\n    echo \"warning: SwiftLint не установлен. Установите его через 'brew install swiftlint'\"\nfi\n";
		};
/* End PBXShellScriptBuildPhase section */

/* Begin PBXSourcesBuildPhase section */
		FE6ADB332D8DD82D009DE63E /* Sources */ = {
			isa = PBXSourcesBuildPhase;
			buildActionMask = 2147483647;
			files = (
			);
			runOnlyForDeploymentPostprocessing = 0;
		};
		FE6ADB402D8DD83E009DE63E /* Sources */ = {
			isa = PBXSourcesBuildPhase;
			buildActionMask = 2147483647;
			files = (
			);
			runOnlyForDeploymentPostprocessing = 0;
		};
		FE9701B82D418E4E000678A5 /* Sources */ = {
			isa = PBXSourcesBuildPhase;
			buildActionMask = 2147483647;
			files = (
			);
			runOnlyForDeploymentPostprocessing = 0;
		};
/* End PBXSourcesBuildPhase section */

/* Begin PBXTargetDependency section */
		FE6ADB3C2D8DD82D009DE63E /* PBXTargetDependency */ = {
			isa = PBXTargetDependency;
			target = FE9701BB2D418E4E000678A5 /* conch */;
			targetProxy = FE6ADB3B2D8DD82D009DE63E /* PBXContainerItemProxy */;
		};
		FE6ADB4B2D8DD83E009DE63E /* PBXTargetDependency */ = {
			isa = PBXTargetDependency;
			target = FE9701BB2D418E4E000678A5 /* conch */;
			targetProxy = FE6ADB4A2D8DD83E009DE63E /* PBXContainerItemProxy */;
		};
/* End PBXTargetDependency section */

/* Begin XCBuildConfiguration section */
		FE6ADB3E2D8DD82D009DE63E /* Debug */ = {
			isa = XCBuildConfiguration;
			buildSettings = {
				BUNDLE_LOADER = "$(TEST_HOST)";
				CODE_SIGN_STYLE = Automatic;
				CURRENT_PROJECT_VERSION = 1;
				DEVELOPMENT_TEAM = VQ8J78LB7B;
				GENERATE_INFOPLIST_FILE = YES;
				MARKETING_VERSION = 1.0;
				PRODUCT_BUNDLE_IDENTIFIER = fobos.conchTests;
				PRODUCT_NAME = "$(TARGET_NAME)";
				SWIFT_EMIT_LOC_STRINGS = NO;
				SWIFT_VERSION = 5.0;
				TARGETED_DEVICE_FAMILY = "1,2";
				TEST_HOST = "$(BUILT_PRODUCTS_DIR)/conch.app/$(BUNDLE_EXECUTABLE_FOLDER_PATH)/conch";
			};
			name = Debug;
		};
		FE6ADB3F2D8DD82D009DE63E /* Release */ = {
			isa = XCBuildConfiguration;
			buildSettings = {
				BUNDLE_LOADER = "$(TEST_HOST)";
				CODE_SIGN_STYLE = Automatic;
				CURRENT_PROJECT_VERSION = 1;
				DEVELOPMENT_TEAM = VQ8J78LB7B;
				GENERATE_INFOPLIST_FILE = YES;
				MARKETING_VERSION = 1.0;
				PRODUCT_BUNDLE_IDENTIFIER = fobos.conchTests;
				PRODUCT_NAME = "$(TARGET_NAME)";
				SWIFT_EMIT_LOC_STRINGS = NO;
				SWIFT_VERSION = 5.0;
				TARGETED_DEVICE_FAMILY = "1,2";
				TEST_HOST = "$(BUILT_PRODUCTS_DIR)/conch.app/$(BUNDLE_EXECUTABLE_FOLDER_PATH)/conch";
			};
			name = Release;
		};
		FE6ADB4D2D8DD83E009DE63E /* Debug */ = {
			isa = XCBuildConfiguration;
			buildSettings = {
				CODE_SIGN_STYLE = Automatic;
				CURRENT_PROJECT_VERSION = 1;
				DEVELOPMENT_TEAM = VQ8J78LB7B;
				GENERATE_INFOPLIST_FILE = YES;
				MARKETING_VERSION = 1.0;
				PRODUCT_BUNDLE_IDENTIFIER = fobos.conchUITests;
				PRODUCT_NAME = "$(TARGET_NAME)";
				SWIFT_EMIT_LOC_STRINGS = NO;
				SWIFT_VERSION = 5.0;
				TARGETED_DEVICE_FAMILY = "1,2";
				TEST_TARGET_NAME = conch;
			};
			name = Debug;
		};
		FE6ADB4E2D8DD83E009DE63E /* Release */ = {
			isa = XCBuildConfiguration;
			buildSettings = {
				CODE_SIGN_STYLE = Automatic;
				CURRENT_PROJECT_VERSION = 1;
				DEVELOPMENT_TEAM = VQ8J78LB7B;
				GENERATE_INFOPLIST_FILE = YES;
				MARKETING_VERSION = 1.0;
				PRODUCT_BUNDLE_IDENTIFIER = fobos.conchUITests;
				PRODUCT_NAME = "$(TARGET_NAME)";
				SWIFT_EMIT_LOC_STRINGS = NO;
				SWIFT_VERSION = 5.0;
				TARGETED_DEVICE_FAMILY = "1,2";
				TEST_TARGET_NAME = conch;
			};
			name = Release;
		};
		FE9701C82D418E4F000678A5 /* Debug */ = {
			isa = XCBuildConfiguration;
			buildSettings = {
				ALWAYS_SEARCH_USER_PATHS = NO;
				ASSETCATALOG_COMPILER_GENERATE_SWIFT_ASSET_SYMBOL_EXTENSIONS = YES;
				CLANG_ANALYZER_NONNULL = YES;
				CLANG_ANALYZER_NUMBER_OBJECT_CONVERSION = YES_AGGRESSIVE;
				CLANG_CXX_LANGUAGE_STANDARD = "gnu++20";
				CLANG_ENABLE_MODULES = YES;
				CLANG_ENABLE_OBJC_ARC = YES;
				CLANG_ENABLE_OBJC_WEAK = YES;
				CLANG_WARN_BLOCK_CAPTURE_AUTORELEASING = YES;
				CLANG_WARN_BOOL_CONVERSION = YES;
				CLANG_WARN_COMMA = YES;
				CLANG_WARN_CONSTANT_CONVERSION = YES;
				CLANG_WARN_DEPRECATED_OBJC_IMPLEMENTATIONS = YES;
				CLANG_WARN_DIRECT_OBJC_ISA_USAGE = YES_ERROR;
				CLANG_WARN_DOCUMENTATION_COMMENTS = YES;
				CLANG_WARN_EMPTY_BODY = YES;
				CLANG_WARN_ENUM_CONVERSION = YES;
				CLANG_WARN_INFINITE_RECURSION = YES;
				CLANG_WARN_INT_CONVERSION = YES;
				CLANG_WARN_NON_LITERAL_NULL_CONVERSION = YES;
				CLANG_WARN_OBJC_IMPLICIT_RETAIN_SELF = YES;
				CLANG_WARN_OBJC_LITERAL_CONVERSION = YES;
				CLANG_WARN_OBJC_ROOT_CLASS = YES_ERROR;
				CLANG_WARN_QUOTED_INCLUDE_IN_FRAMEWORK_HEADER = YES;
				CLANG_WARN_RANGE_LOOP_ANALYSIS = YES;
				CLANG_WARN_STRICT_PROTOTYPES = YES;
				CLANG_WARN_SUSPICIOUS_MOVE = YES;
				CLANG_WARN_UNGUARDED_AVAILABILITY = YES_AGGRESSIVE;
				CLANG_WARN_UNREACHABLE_CODE = YES;
				CLANG_WARN__DUPLICATE_METHOD_MATCH = YES;
				COPY_PHASE_STRIP = NO;
				DEBUG_INFORMATION_FORMAT = dwarf;
				ENABLE_STRICT_OBJC_MSGSEND = YES;
				ENABLE_TESTABILITY = YES;
				ENABLE_USER_SCRIPT_SANDBOXING = YES;
				GCC_C_LANGUAGE_STANDARD = gnu17;
				GCC_DYNAMIC_NO_PIC = NO;
				GCC_NO_COMMON_BLOCKS = YES;
				GCC_OPTIMIZATION_LEVEL = 0;
				GCC_PREPROCESSOR_DEFINITIONS = (
					"DEBUG=1",
					"$(inherited)",
				);
				GCC_WARN_64_TO_32_BIT_CONVERSION = YES;
				GCC_WARN_ABOUT_RETURN_TYPE = YES_ERROR;
				GCC_WARN_UNDECLARED_SELECTOR = YES;
				GCC_WARN_UNINITIALIZED_AUTOS = YES_AGGRESSIVE;
				GCC_WARN_UNUSED_FUNCTION = YES;
				GCC_WARN_UNUSED_VARIABLE = YES;
				IPHONEOS_DEPLOYMENT_TARGET = 18.2;
				LOCALIZATION_PREFERS_STRING_CATALOGS = YES;
				MTL_ENABLE_DEBUG_INFO = INCLUDE_SOURCE;
				MTL_FAST_MATH = YES;
				ONLY_ACTIVE_ARCH = YES;
				SDKROOT = iphoneos;
				SWIFT_ACTIVE_COMPILATION_CONDITIONS = "DEBUG $(inherited)";
				SWIFT_OPTIMIZATION_LEVEL = "-Onone";
			};
			name = Debug;
		};
		FE9701C92D418E4F000678A5 /* Release */ = {
			isa = XCBuildConfiguration;
			buildSettings = {
				ALWAYS_SEARCH_USER_PATHS = NO;
				ASSETCATALOG_COMPILER_GENERATE_SWIFT_ASSET_SYMBOL_EXTENSIONS = YES;
				CLANG_ANALYZER_NONNULL = YES;
				CLANG_ANALYZER_NUMBER_OBJECT_CONVERSION = YES_AGGRESSIVE;
				CLANG_CXX_LANGUAGE_STANDARD = "gnu++20";
				CLANG_ENABLE_MODULES = YES;
				CLANG_ENABLE_OBJC_ARC = YES;
				CLANG_ENABLE_OBJC_WEAK = YES;
				CLANG_WARN_BLOCK_CAPTURE_AUTORELEASING = YES;
				CLANG_WARN_BOOL_CONVERSION = YES;
				CLANG_WARN_COMMA = YES;
				CLANG_WARN_CONSTANT_CONVERSION = YES;
				CLANG_WARN_DEPRECATED_OBJC_IMPLEMENTATIONS = YES;
				CLANG_WARN_DIRECT_OBJC_ISA_USAGE = YES_ERROR;
				CLANG_WARN_DOCUMENTATION_COMMENTS = YES;
				CLANG_WARN_EMPTY_BODY = YES;
				CLANG_WARN_ENUM_CONVERSION = YES;
				CLANG_WARN_INFINITE_RECURSION = YES;
				CLANG_WARN_INT_CONVERSION = YES;
				CLANG_WARN_NON_LITERAL_NULL_CONVERSION = YES;
				CLANG_WARN_OBJC_IMPLICIT_RETAIN_SELF = YES;
				CLANG_WARN_OBJC_LITERAL_CONVERSION = YES;
				CLANG_WARN_OBJC_ROOT_CLASS = YES_ERROR;
				CLANG_WARN_QUOTED_INCLUDE_IN_FRAMEWORK_HEADER = YES;
				CLANG_WARN_RANGE_LOOP_ANALYSIS = YES;
				CLANG_WARN_STRICT_PROTOTYPES = YES;
				CLANG_WARN_SUSPICIOUS_MOVE = YES;
				CLANG_WARN_UNGUARDED_AVAILABILITY = YES_AGGRESSIVE;
				CLANG_WARN_UNREACHABLE_CODE = YES;
				CLANG_WARN__DUPLICATE_METHOD_MATCH = YES;
				COPY_PHASE_STRIP = NO;
				DEBUG_INFORMATION_FORMAT = "dwarf-with-dsym";
				ENABLE_NS_ASSERTIONS = NO;
				ENABLE_STRICT_OBJC_MSGSEND = YES;
				ENABLE_USER_SCRIPT_SANDBOXING = YES;
				GCC_C_LANGUAGE_STANDARD = gnu17;
				GCC_NO_COMMON_BLOCKS = YES;
				GCC_WARN_64_TO_32_BIT_CONVERSION = YES;
				GCC_WARN_ABOUT_RETURN_TYPE = YES_ERROR;
				GCC_WARN_UNDECLARED_SELECTOR = YES;
				GCC_WARN_UNINITIALIZED_AUTOS = YES_AGGRESSIVE;
				GCC_WARN_UNUSED_FUNCTION = YES;
				GCC_WARN_UNUSED_VARIABLE = YES;
				IPHONEOS_DEPLOYMENT_TARGET = 18.2;
				LOCALIZATION_PREFERS_STRING_CATALOGS = YES;
				MTL_ENABLE_DEBUG_INFO = NO;
				MTL_FAST_MATH = YES;
				SDKROOT = iphoneos;
				SWIFT_COMPILATION_MODE = wholemodule;
				VALIDATE_PRODUCT = YES;
			};
			name = Release;
		};
		FE9701CB2D418E4F000678A5 /* Debug */ = {
			isa = XCBuildConfiguration;
			buildSettings = {
				ASSETCATALOG_COMPILER_APPICON_NAME = AppIcon;
				ASSETCATALOG_COMPILER_GLOBAL_ACCENT_COLOR_NAME = AccentColor;
				CODE_SIGN_STYLE = Automatic;
				CURRENT_PROJECT_VERSION = 1;
				DEVELOPMENT_ASSET_PATHS = "\"conch/Preview Content\"";
				DEVELOPMENT_TEAM = VQ8J78LB7B;
				ENABLE_PREVIEWS = YES;
				GENERATE_INFOPLIST_FILE = YES;
				INFOPLIST_FILE = conch/Info.plist;
				INFOPLIST_KEY_UIApplicationSceneManifest_Generation = YES;
				INFOPLIST_KEY_UIApplicationSupportsIndirectInputEvents = YES;
				INFOPLIST_KEY_UILaunchScreen_Generation = YES;
				INFOPLIST_KEY_UISupportedInterfaceOrientations_iPad = "UIInterfaceOrientationPortrait UIInterfaceOrientationPortraitUpsideDown UIInterfaceOrientationLandscapeLeft UIInterfaceOrientationLandscapeRight";
				INFOPLIST_KEY_UISupportedInterfaceOrientations_iPhone = "UIInterfaceOrientationPortrait UIInterfaceOrientationLandscapeLeft UIInterfaceOrientationLandscapeRight";
				IPHONEOS_DEPLOYMENT_TARGET = 17.4;
				LD_RUNPATH_SEARCH_PATHS = (
					"$(inherited)",
					"@executable_path/Frameworks",
				);
				MARKETING_VERSION = 1.0;
				PRODUCT_BUNDLE_IDENTIFIER = fobos.conch;
				PRODUCT_NAME = "$(TARGET_NAME)";
				SWIFT_EMIT_LOC_STRINGS = YES;
				SWIFT_VERSION = 5.0;
				TARGETED_DEVICE_FAMILY = "1,2";
			};
			name = Debug;
		};
		FE9701CC2D418E4F000678A5 /* Release */ = {
			isa = XCBuildConfiguration;
			buildSettings = {
				ASSETCATALOG_COMPILER_APPICON_NAME = AppIcon;
				ASSETCATALOG_COMPILER_GLOBAL_ACCENT_COLOR_NAME = AccentColor;
				CODE_SIGN_STYLE = Automatic;
				CURRENT_PROJECT_VERSION = 1;
				DEVELOPMENT_ASSET_PATHS = "\"conch/Preview Content\"";
				DEVELOPMENT_TEAM = VQ8J78LB7B;
				ENABLE_PREVIEWS = YES;
				GENERATE_INFOPLIST_FILE = YES;
				INFOPLIST_FILE = conch/Info.plist;
				INFOPLIST_KEY_UIApplicationSceneManifest_Generation = YES;
				INFOPLIST_KEY_UIApplicationSupportsIndirectInputEvents = YES;
				INFOPLIST_KEY_UILaunchScreen_Generation = YES;
				INFOPLIST_KEY_UISupportedInterfaceOrientations_iPad = "UIInterfaceOrientationPortrait UIInterfaceOrientationPortraitUpsideDown UIInterfaceOrientationLandscapeLeft UIInterfaceOrientationLandscapeRight";
				INFOPLIST_KEY_UISupportedInterfaceOrientations_iPhone = "UIInterfaceOrientationPortrait UIInterfaceOrientationLandscapeLeft UIInterfaceOrientationLandscapeRight";
				IPHONEOS_DEPLOYMENT_TARGET = 17.4;
				LD_RUNPATH_SEARCH_PATHS = (
					"$(inherited)",
					"@executable_path/Frameworks",
				);
				MARKETING_VERSION = 1.0;
				PRODUCT_BUNDLE_IDENTIFIER = fobos.conch;
				PRODUCT_NAME = "$(TARGET_NAME)";
				SWIFT_EMIT_LOC_STRINGS = YES;
				SWIFT_VERSION = 5.0;
				TARGETED_DEVICE_FAMILY = "1,2";
			};
			name = Release;
		};
/* End XCBuildConfiguration section */

/* Begin XCConfigurationList section */
		FE6ADB3D2D8DD82D009DE63E /* Build configuration list for PBXNativeTarget "conchTests" */ = {
			isa = XCConfigurationList;
			buildConfigurations = (
				FE6ADB3E2D8DD82D009DE63E /* Debug */,
				FE6ADB3F2D8DD82D009DE63E /* Release */,
			);
			defaultConfigurationIsVisible = 0;
			defaultConfigurationName = Release;
		};
		FE6ADB4C2D8DD83E009DE63E /* Build configuration list for PBXNativeTarget "conchUITests" */ = {
			isa = XCConfigurationList;
			buildConfigurations = (
				FE6ADB4D2D8DD83E009DE63E /* Debug */,
				FE6ADB4E2D8DD83E009DE63E /* Release */,
			);
			defaultConfigurationIsVisible = 0;
			defaultConfigurationName = Release;
		};
		FE9701B72D418E4E000678A5 /* Build configuration list for PBXProject "conch" */ = {
			isa = XCConfigurationList;
			buildConfigurations = (
				FE9701C82D418E4F000678A5 /* Debug */,
				FE9701C92D418E4F000678A5 /* Release */,
			);
			defaultConfigurationIsVisible = 0;
			defaultConfigurationName = Release;
		};
		FE9701CA2D418E4F000678A5 /* Build configuration list for PBXNativeTarget "conch" */ = {
			isa = XCConfigurationList;
			buildConfigurations = (
				FE9701CB2D418E4F000678A5 /* Debug */,
				FE9701CC2D418E4F000678A5 /* Release */,
			);
			defaultConfigurationIsVisible = 0;
			defaultConfigurationName = Release;
		};
/* End XCConfigurationList section */
	};
	rootObject = FE9701B42D418E4E000678A5 /* Project object */;
}
